// !$*UTF8*$!
{
	archiveVersion = 1;
	classes = {
	};
	objectVersion = 48;
	objects = {

/* Begin PBXBuildFile section */
		17DF10451F595A4600C52731 /* AppDelegate.swift in Sources */ = {isa = PBXBuildFile; fileRef = 17DF10441F595A4600C52731 /* AppDelegate.swift */; };
		17DF10471F595A4600C52731 /* ViewController.swift in Sources */ = {isa = PBXBuildFile; fileRef = 17DF10461F595A4600C52731 /* ViewController.swift */; };
		17DF104A1F595A4600C52731 /* Main.storyboard in Resources */ = {isa = PBXBuildFile; fileRef = 17DF10481F595A4600C52731 /* Main.storyboard */; };
		17DF104C1F595A4600C52731 /* Assets.xcassets in Resources */ = {isa = PBXBuildFile; fileRef = 17DF104B1F595A4600C52731 /* Assets.xcassets */; };
		17DF104F1F595A4600C52731 /* LaunchScreen.storyboard in Resources */ = {isa = PBXBuildFile; fileRef = 17DF104D1F595A4600C52731 /* LaunchScreen.storyboard */; };
		17DF105A1F595A4600C52731 /* MySwipeActionTableViewTests.swift in Sources */ = {isa = PBXBuildFile; fileRef = 17DF10591F595A4600C52731 /* MySwipeActionTableViewTests.swift */; };
/* End PBXBuildFile section */

/* Begin PBXContainerItemProxy section */
		17DF10561F595A4600C52731 /* PBXContainerItemProxy */ = {
			isa = PBXContainerItemProxy;
			containerPortal = 17DF10391F595A4600C52731 /* Project object */;
			proxyType = 1;
			remoteGlobalIDString = 17DF10401F595A4600C52731;
			remoteInfo = MySwipeActionTableView;
		};
/* End PBXContainerItemProxy section */

/* Begin PBXFileReference section */
		17DF10411F595A4600C52731 /* MySwipeActionTableView.app */ = {isa = PBXFileReference; explicitFileType = wrapper.application; includeInIndex = 0; path = MySwipeActionTableView.app; sourceTree = BUILT_PRODUCTS_DIR; };
		17DF10441F595A4600C52731 /* AppDelegate.swift */ = {isa = PBXFileReference; lastKnownFileType = sourcecode.swift; path = AppDelegate.swift; sourceTree = "<group>"; };
		17DF10461F595A4600C52731 /* ViewController.swift */ = {isa = PBXFileReference; lastKnownFileType = sourcecode.swift; path = ViewController.swift; sourceTree = "<group>"; };
		17DF10491F595A4600C52731 /* Base */ = {isa = PBXFileReference; lastKnownFileType = file.storyboard; name = Base; path = Base.lproj/Main.storyboard; sourceTree = "<group>"; };
		17DF104B1F595A4600C52731 /* Assets.xcassets */ = {isa = PBXFileReference; lastKnownFileType = folder.assetcatalog; path = Assets.xcassets; sourceTree = "<group>"; };
		17DF104E1F595A4600C52731 /* Base */ = {isa = PBXFileReference; lastKnownFileType = file.storyboard; name = Base; path = Base.lproj/LaunchScreen.storyboard; sourceTree = "<group>"; };
		17DF10501F595A4600C52731 /* Info.plist */ = {isa = PBXFileReference; lastKnownFileType = text.plist.xml; path = Info.plist; sourceTree = "<group>"; };
		17DF10551F595A4600C52731 /* MySwipeActionTableViewTests.xctest */ = {isa = PBXFileReference; explicitFileType = wrapper.cfbundle; includeInIndex = 0; path = MySwipeActionTableViewTests.xctest; sourceTree = BUILT_PRODUCTS_DIR; };
		17DF10591F595A4600C52731 /* MySwipeActionTableViewTests.swift */ = {isa = PBXFileReference; lastKnownFileType = sourcecode.swift; path = MySwipeActionTableViewTests.swift; sourceTree = "<group>"; };
		17DF105B1F595A4600C52731 /* Info.plist */ = {isa = PBXFileReference; lastKnownFileType = text.plist.xml; path = Info.plist; sourceTree = "<group>"; };
/* End PBXFileReference section */

/* Begin PBXFrameworksBuildPhase section */
		17DF103E1F595A4600C52731 /* Frameworks */ = {
			isa = PBXFrameworksBuildPhase;
			buildActionMask = 2147483647;
			files = (
			);
			runOnlyForDeploymentPostprocessing = 0;
		};
		17DF10521F595A4600C52731 /* Frameworks */ = {
			isa = PBXFrameworksBuildPhase;
			buildActionMask = 2147483647;
			files = (
			);
			runOnlyForDeploymentPostprocessing = 0;
		};
/* End PBXFrameworksBuildPhase section */

/* Begin PBXGroup section */
		17DF10381F595A4600C52731 = {
			isa = PBXGroup;
			children = (
				17DF10431F595A4600C52731 /* MySwipeActionTableView */,
				17DF10581F595A4600C52731 /* MySwipeActionTableViewTests */,
				17DF10421F595A4600C52731 /* Products */,
			);
			sourceTree = "<group>";
		};
		17DF10421F595A4600C52731 /* Products */ = {
			isa = PBXGroup;
			children = (
				17DF10411F595A4600C52731 /* MySwipeActionTableView.app */,
				17DF10551F595A4600C52731 /* MySwipeActionTableViewTests.xctest */,
			);
			name = Products;
			sourceTree = "<group>";
		};
		17DF10431F595A4600C52731 /* MySwipeActionTableView */ = {
			isa = PBXGroup;
			children = (
				17DF10441F595A4600C52731 /* AppDelegate.swift */,
				17DF10461F595A4600C52731 /* ViewController.swift */,
				17DF10481F595A4600C52731 /* Main.storyboard */,
				17DF104B1F595A4600C52731 /* Assets.xcassets */,
				17DF104D1F595A4600C52731 /* LaunchScreen.storyboard */,
				17DF10501F595A4600C52731 /* Info.plist */,
			);
			path = MySwipeActionTableView;
			sourceTree = "<group>";
		};
		17DF10581F595A4600C52731 /* MySwipeActionTableViewTests */ = {
			isa = PBXGroup;
			children = (
				17DF10591F595A4600C52731 /* MySwipeActionTableViewTests.swift */,
				17DF105B1F595A4600C52731 /* Info.plist */,
			);
			path = MySwipeActionTableViewTests;
			sourceTree = "<group>";
		};
/* End PBXGroup section */

/* Begin PBXNativeTarget section */
		17DF10401F595A4600C52731 /* MySwipeActionTableView */ = {
			isa = PBXNativeTarget;
			buildConfigurationList = 17DF105E1F595A4600C52731 /* Build configuration list for PBXNativeTarget "MySwipeActionTableView" */;
			buildPhases = (
				17DF103D1F595A4600C52731 /* Sources */,
				17DF103E1F595A4600C52731 /* Frameworks */,
				17DF103F1F595A4600C52731 /* Resources */,
			);
			buildRules = (
			);
			dependencies = (
			);
			name = MySwipeActionTableView;
			productName = MySwipeActionTableView;
			productReference = 17DF10411F595A4600C52731 /* MySwipeActionTableView.app */;
			productType = "com.apple.product-type.application";
		};
		17DF10541F595A4600C52731 /* MySwipeActionTableViewTests */ = {
			isa = PBXNativeTarget;
			buildConfigurationList = 17DF10611F595A4600C52731 /* Build configuration list for PBXNativeTarget "MySwipeActionTableViewTests" */;
			buildPhases = (
				17DF10511F595A4600C52731 /* Sources */,
				17DF10521F595A4600C52731 /* Frameworks */,
				17DF10531F595A4600C52731 /* Resources */,
			);
			buildRules = (
			);
			dependencies = (
				17DF10571F595A4600C52731 /* PBXTargetDependency */,
			);
			name = MySwipeActionTableViewTests;
			productName = MySwipeActionTableViewTests;
			productReference = 17DF10551F595A4600C52731 /* MySwipeActionTableViewTests.xctest */;
			productType = "com.apple.product-type.bundle.unit-test";
		};
/* End PBXNativeTarget section */

/* Begin PBXProject section */
		17DF10391F595A4600C52731 /* Project object */ = {
			isa = PBXProject;
			attributes = {
				LastSwiftUpdateCheck = 0900;
				LastUpgradeCheck = 0900;
				ORGANIZATIONNAME = amarron;
				TargetAttributes = {
					17DF10401F595A4600C52731 = {
						CreatedOnToolsVersion = 9.0;
					};
					17DF10541F595A4600C52731 = {
						CreatedOnToolsVersion = 9.0;
						TestTargetID = 17DF10401F595A4600C52731;
					};
				};
			};
			buildConfigurationList = 17DF103C1F595A4600C52731 /* Build configuration list for PBXProject "MySwipeActionTableView" */;
			compatibilityVersion = "Xcode 8.0";
			developmentRegion = en;
			hasScannedForEncodings = 0;
			knownRegions = (
				en,
				Base,
			);
			mainGroup = 17DF10381F595A4600C52731;
			productRefGroup = 17DF10421F595A4600C52731 /* Products */;
			projectDirPath = "";
			projectRoot = "";
			targets = (
				17DF10401F595A4600C52731 /* MySwipeActionTableView */,
				17DF10541F595A4600C52731 /* MySwipeActionTableViewTests */,
			);
		};
/* End PBXProject section */

/* Begin PBXResourcesBuildPhase section */
		17DF103F1F595A4600C52731 /* Resources */ = {
			isa = PBXResourcesBuildPhase;
			buildActionMask = 2147483647;
			files = (
				17DF104F1F595A4600C52731 /* LaunchScreen.storyboard in Resources */,
				17DF104C1F595A4600C52731 /* Assets.xcassets in Resources */,
				17DF104A1F595A4600C52731 /* Main.storyboard in Resources */,
			);
			runOnlyForDeploymentPostprocessing = 0;
		};
		17DF10531F595A4600C52731 /* Resources */ = {
			isa = PBXResourcesBuildPhase;
			buildActionMask = 2147483647;
			files = (
			);
			runOnlyForDeploymentPostprocessing = 0;
		};
/* End PBXResourcesBuildPhase section */

/* Begin PBXSourcesBuildPhase section */
		17DF103D1F595A4600C52731 /* Sources */ = {
			isa = PBXSourcesBuildPhase;
			buildActionMask = 2147483647;
			files = (
				17DF10471F595A4600C52731 /* ViewController.swift in Sources */,
				17DF10451F595A4600C52731 /* AppDelegate.swift in Sources */,
			);
			runOnlyForDeploymentPostprocessing = 0;
		};
		17DF10511F595A4600C52731 /* Sources */ = {
			isa = PBXSourcesBuildPhase;
			buildActionMask = 2147483647;
			files = (
				17DF105A1F595A4600C52731 /* MySwipeActionTableViewTests.swift in Sources */,
			);
			runOnlyForDeploymentPostprocessing = 0;
		};
/* End PBXSourcesBuildPhase section */

/* Begin PBXTargetDependency section */
		17DF10571F595A4600C52731 /* PBXTargetDependency */ = {
			isa = PBXTargetDependency;
			target = 17DF10401F595A4600C52731 /* MySwipeActionTableView */;
			targetProxy = 17DF10561F595A4600C52731 /* PBXContainerItemProxy */;
		};
/* End PBXTargetDependency section */

/* Begin PBXVariantGroup section */
		17DF10481F595A4600C52731 /* Main.storyboard */ = {
			isa = PBXVariantGroup;
			children = (
				17DF10491F595A4600C52731 /* Base */,
			);
			name = Main.storyboard;
			sourceTree = "<group>";
		};
		17DF104D1F595A4600C52731 /* LaunchScreen.storyboard */ = {
			isa = PBXVariantGroup;
			children = (
				17DF104E1F595A4600C52731 /* Base */,
			);
			name = LaunchScreen.storyboard;
			sourceTree = "<group>";
		};
/* End PBXVariantGroup section */

/* Begin XCBuildConfiguration section */
		17DF105C1F595A4600C52731 /* Debug */ = {
			isa = XCBuildConfiguration;
			buildSettings = {
				ALWAYS_SEARCH_USER_PATHS = NO;
				CLANG_ANALYZER_NONNULL = YES;
				CLANG_ANALYZER_NUMBER_OBJECT_CONVERSION = YES_AGGRESSIVE;
				CLANG_CXX_LANGUAGE_STANDARD = "gnu++14";
				CLANG_CXX_LIBRARY = "libc++";
				CLANG_ENABLE_MODULES = YES;
				CLANG_ENABLE_OBJC_ARC = YES;
				CLANG_WARN_BLOCK_CAPTURE_AUTORELEASING = YES;
				CLANG_WARN_BOOL_CONVERSION = YES;
				CLANG_WARN_COMMA = YES;
				CLANG_WARN_CONSTANT_CONVERSION = YES;
				CLANG_WARN_DIRECT_OBJC_ISA_USAGE = YES_ERROR;
				CLANG_WARN_DOCUMENTATION_COMMENTS = YES;
				CLANG_WARN_EMPTY_BODY = YES;
				CLANG_WARN_ENUM_CONVERSION = YES;
				CLANG_WARN_INFINITE_RECURSION = YES;
				CLANG_WARN_INT_CONVERSION = YES;
				CLANG_WARN_NON_LITERAL_NULL_CONVERSION = YES;
				CLANG_WARN_OBJC_LITERAL_CONVERSION = YES;
				CLANG_WARN_OBJC_ROOT_CLASS = YES_ERROR;
				CLANG_WARN_RANGE_LOOP_ANALYSIS = YES;
				CLANG_WARN_STRICT_PROTOTYPES = YES;
				CLANG_WARN_SUSPICIOUS_MOVE = YES;
				CLANG_WARN_UNGUARDED_AVAILABILITY = YES_AGGRESSIVE;
				CLANG_WARN_UNREACHABLE_CODE = YES;
				CLANG_WARN__DUPLICATE_METHOD_MATCH = YES;
				CODE_SIGN_IDENTITY = "iPhone Developer";
				COPY_PHASE_STRIP = NO;
				DEBUG_INFORMATION_FORMAT = dwarf;
				ENABLE_STRICT_OBJC_MSGSEND = YES;
				ENABLE_TESTABILITY = YES;
				GCC_C_LANGUAGE_STANDARD = gnu11;
				GCC_DYNAMIC_NO_PIC = NO;
				GCC_NO_COMMON_BLOCKS = YES;
				GCC_OPTIMIZATION_LEVEL = 0;
				GCC_PREPROCESSOR_DEFINITIONS = (
					"DEBUG=1",
					"$(inherited)",
				);
				GCC_WARN_64_TO_32_BIT_CONVERSION = YES;
				GCC_WARN_ABOUT_RETURN_TYPE = YES_ERROR;
				GCC_WARN_UNDECLARED_SELECTOR = YES;
				GCC_WARN_UNINITIALIZED_AUTOS = YES_AGGRESSIVE;
				GCC_WARN_UNUSED_FUNCTION = YES;
				GCC_WARN_UNUSED_VARIABLE = YES;
				IPHONEOS_DEPLOYMENT_TARGET = 10.3;
				MTL_ENABLE_DEBUG_INFO = YES;
				ONLY_ACTIVE_ARCH = YES;
				SDKROOT = iphoneos;
				SWIFT_ACTIVE_COMPILATION_CONDITIONS = DEBUG;
				SWIFT_OPTIMIZATION_LEVEL = "-Onone";
			};
			name = Debug;
		};
		17DF105D1F595A4600C52731 /* Release */ = {
			isa = XCBuildConfiguration;
			buildSettings = {
				ALWAYS_SEARCH_USER_PATHS = NO;
				CLANG_ANALYZER_NONNULL = YES;
				CLANG_ANALYZER_NUMBER_OBJECT_CONVERSION = YES_AGGRESSIVE;
				CLANG_CXX_LANGUAGE_STANDARD = "gnu++14";
				CLANG_CXX_LIBRARY = "libc++";
				CLANG_ENABLE_MODULES = YES;
				CLANG_ENABLE_OBJC_ARC = YES;
				CLANG_WARN_BLOCK_CAPTURE_AUTORELEASING = YES;
				CLANG_WARN_BOOL_CONVERSION = YES;
				CLANG_WARN_COMMA = YES;
				CLANG_WARN_CONSTANT_CONVERSION = YES;
				CLANG_WARN_DIRECT_OBJC_ISA_USAGE = YES_ERROR;
				CLANG_WARN_DOCUMENTATION_COMMENTS = YES;
				CLANG_WARN_EMPTY_BODY = YES;
				CLANG_WARN_ENUM_CONVERSION = YES;
				CLANG_WARN_INFINITE_RECURSION = YES;
				CLANG_WARN_INT_CONVERSION = YES;
				CLANG_WARN_NON_LITERAL_NULL_CONVERSION = YES;
				CLANG_WARN_OBJC_LITERAL_CONVERSION = YES;
				CLANG_WARN_OBJC_ROOT_CLASS = YES_ERROR;
				CLANG_WARN_RANGE_LOOP_ANALYSIS = YES;
				CLANG_WARN_STRICT_PROTOTYPES = YES;
				CLANG_WARN_SUSPICIOUS_MOVE = YES;
				CLANG_WARN_UNGUARDED_AVAILABILITY = YES_AGGRESSIVE;
				CLANG_WARN_UNREACHABLE_CODE = YES;
				CLANG_WARN__DUPLICATE_METHOD_MATCH = YES;
				CODE_SIGN_IDENTITY = "iPhone Developer";
				COPY_PHASE_STRIP = NO;
				DEBUG_INFORMATION_FORMAT = "dwarf-with-dsym";
				ENABLE_NS_ASSERTIONS = NO;
				ENABLE_STRICT_OBJC_MSGSEND = YES;
				GCC_C_LANGUAGE_STANDARD = gnu11;
				GCC_NO_COMMON_BLOCKS = YES;
				GCC_WARN_64_TO_32_BIT_CONVERSION = YES;
				GCC_WARN_ABOUT_RETURN_TYPE = YES_ERROR;
				GCC_WARN_UNDECLARED_SELECTOR = YES;
				GCC_WARN_UNINITIALIZED_AUTOS = YES_AGGRESSIVE;
				GCC_WARN_UNUSED_FUNCTION = YES;
				GCC_WARN_UNUSED_VARIABLE = YES;
				IPHONEOS_DEPLOYMENT_TARGET = 10.3;
				MTL_ENABLE_DEBUG_INFO = NO;
				SDKROOT = iphoneos;
				SWIFT_OPTIMIZATION_LEVEL = "-Owholemodule";
				VALIDATE_PRODUCT = YES;
			};
			name = Release;
		};
		17DF105F1F595A4600C52731 /* Debug */ = {
			isa = XCBuildConfiguration;
			buildSettings = {
				ASSETCATALOG_COMPILER_APPICON_NAME = AppIcon;
				INFOPLIST_FILE = MySwipeActionTableView/Info.plist;
				LD_RUNPATH_SEARCH_PATHS = "$(inherited) @executable_path/Frameworks";
				PRODUCT_BUNDLE_IDENTIFIER = com.amarron.MySwipeActionTableView;
				PRODUCT_NAME = "$(TARGET_NAME)";
				SWIFT_VERSION = 4.0;
				TARGETED_DEVICE_FAMILY = "1,2";
			};
			name = Debug;
		};
		17DF10601F595A4600C52731 /* Release */ = {
			isa = XCBuildConfiguration;
			buildSettings = {
				ASSETCATALOG_COMPILER_APPICON_NAME = AppIcon;
				INFOPLIST_FILE = MySwipeActionTableView/Info.plist;
				LD_RUNPATH_SEARCH_PATHS = "$(inherited) @executable_path/Frameworks";
				PRODUCT_BUNDLE_IDENTIFIER = com.amarron.MySwipeActionTableView;
				PRODUCT_NAME = "$(TARGET_NAME)";
				SWIFT_VERSION = 4.0;
				TARGETED_DEVICE_FAMILY = "1,2";
			};
			name = Release;
		};
		17DF10621F595A4600C52731 /* Debug */ = {
			isa = XCBuildConfiguration;
			buildSettings = {
				ALWAYS_EMBED_SWIFT_STANDARD_LIBRARIES = YES;
				BUNDLE_LOADER = "$(TEST_HOST)";
				INFOPLIST_FILE = MySwipeActionTableViewTests/Info.plist;
				LD_RUNPATH_SEARCH_PATHS = "$(inherited) @executable_path/Frameworks @loader_path/Frameworks";
				PRODUCT_BUNDLE_IDENTIFIER = com.amarron.MySwipeActionTableViewTests;
				PRODUCT_NAME = "$(TARGET_NAME)";
				SWIFT_VERSION = 4.0;
				TARGETED_DEVICE_FAMILY = "1,2";
				TEST_HOST = "$(BUILT_PRODUCTS_DIR)/MySwipeActionTableView.app/MySwipeActionTableView";
			};
			name = Debug;
		};
		17DF10631F595A4600C52731 /* Release */ = {
			isa = XCBuildConfiguration;
			buildSettings = {
				ALWAYS_EMBED_SWIFT_STANDARD_LIBRARIES = YES;
				BUNDLE_LOADER = "$(TEST_HOST)";
				INFOPLIST_FILE = MySwipeActionTableViewTests/Info.plist;
				LD_RUNPATH_SEARCH_PATHS = "$(inherited) @executable_path/Frameworks @loader_path/Frameworks";
				PRODUCT_BUNDLE_IDENTIFIER = com.amarron.MySwipeActionTableViewTests;
				PRODUCT_NAME = "$(TARGET_NAME)";
				SWIFT_VERSION = 4.0;
				TARGETED_DEVICE_FAMILY = "1,2";
				TEST_HOST = "$(BUILT_PRODUCTS_DIR)/MySwipeActionTableView.app/MySwipeActionTableView";
			};
			name = Release;
		};
/* End XCBuildConfiguration section */

/* Begin XCConfigurationList section */
		17DF103C1F595A4600C52731 /* Build configuration list for PBXProject "MySwipeActionTableView" */ = {
			isa = XCConfigurationList;
			buildConfigurations = (
				17DF105C1F595A4600C52731 /* Debug */,
				17DF105D1F595A4600C52731 /* Release */,
			);
			defaultConfigurationIsVisible = 0;
			defaultConfigurationName = Release;
		};
		17DF105E1F595A4600C52731 /* Build configuration list for PBXNativeTarget "MySwipeActionTableView" */ = {
			isa = XCConfigurationList;
			buildConfigurations = (
				17DF105F1F595A4600C52731 /* Debug */,
				17DF10601F595A4600C52731 /* Release */,
			);
			defaultConfigurationIsVisible = 0;
			defaultConfigurationName = Release;
		};
		17DF10611F595A4600C52731 /* Build configuration list for PBXNativeTarget "MySwipeActionTableViewTests" */ = {
			isa = XCConfigurationList;
			buildConfigurations = (
				17DF10621F595A4600C52731 /* Debug */,
				17DF10631F595A4600C52731 /* Release */,
			);
			defaultConfigurationIsVisible = 0;
			defaultConfigurationName = Release;
		};
/* End XCConfigurationList section */
	};
	rootObject = 17DF10391F595A4600C52731 /* Project object */;
}
